
Microsoft Visual Studio Solution File, Format Version 12.00
# Visual Studio Version 17
VisualStudioVersion = 17.1.32319.34
MinimumVisualStudioVersion = 10.0.40219.1
Project("{FAE04EC0-301F-11D3-BF4B-00C04F79EFBC}") = "pruebas", "pruebas\pruebas.csproj", "{D3986225-2BCD-4311-AAD4-E8BCD465EEBB}"
EndProject
Global
	GlobalSection(SolutionConfigurationPlatforms) = preSolution
		Debug|Any CPU = Debug|Any CPU
		Release|Any CPU = Release|Any CPU
	EndGlobalSection
	GlobalSection(ProjectConfigurationPlatforms) = postSolution
		{D3986225-2BCD-4311-AAD4-E8BCD465EEBB}.Debug|Any CPU.ActiveCfg = Debug|Any CPU
		{D3986225-2BCD-4311-AAD4-E8BCD465EEBB}.Debug|Any CPU.Build.0 = Debug|Any CPU
		{D3986225-2BCD-4311-AAD4-E8BCD465EEBB}.Release|Any CPU.ActiveCfg = Release|Any CPU
		{D3986225-2BCD-4311-AAD4-E8BCD465EEBB}.Release|Any CPU.Build.0 = Release|Any CPU
	EndGlobalSection
	GlobalSection(SolutionProperties) = preSolution
		HideSolutionNode = FALSE
	EndGlobalSection
	GlobalSection(ExtensibilityGlobals) = postSolution
		SolutionGuid = {892938B1-8CE4-44C6-BDEC-F60C7D873FFB}
	EndGlobalSection
EndGlobal
